
Microsoft Visual Studio Solution File, Format Version 12.00
# Visual Studio Version 17
VisualStudioVersion = 17.1.32414.318
MinimumVisualStudioVersion = 10.0.40219.1
Project("{FAE04EC0-301F-11D3-BF4B-00C04F79EFBC}") = "Selenium Test", "Selenium Test\Selenium Test.csproj", "{40F7C350-3BD4-4A5A-9959-F4669BFC6364}"
EndProject
Global
	GlobalSection(SolutionConfigurationPlatforms) = preSolution
		Debug|Any CPU = Debug|Any CPU
		Release|Any CPU = Release|Any CPU
	EndGlobalSection
	GlobalSection(ProjectConfigurationPlatforms) = postSolution
		{40F7C350-3BD4-4A5A-9959-F4669BFC6364}.Debug|Any CPU.ActiveCfg = Debug|Any CPU
		{40F7C350-3BD4-4A5A-9959-F4669BFC6364}.Debug|Any CPU.Build.0 = Debug|Any CPU
		{40F7C350-3BD4-4A5A-9959-F4669BFC6364}.Release|Any CPU.ActiveCfg = Release|Any CPU
		{40F7C350-3BD4-4A5A-9959-F4669BFC6364}.Release|Any CPU.Build.0 = Release|Any CPU
	EndGlobalSection
	GlobalSection(SolutionProperties) = preSolution
		HideSolutionNode = FALSE
	EndGlobalSection
	GlobalSection(ExtensibilityGlobals) = postSolution
		SolutionGuid = {D9EDD1B6-29A5-4942-AEF4-A53ABE41F720}
	EndGlobalSection
EndGlobal
